
Microsoft Visual Studio Solution File, Format Version 12.00
# Visual Studio Version 16
VisualStudioVersion = 16.0.31410.357
MinimumVisualStudioVersion = 10.0.40219.1
Project("{9A19103F-16F7-4668-BE54-9A1E7A4F7556}") = "Toolkit.WPF.UI", "Toolkit.UI\Toolkit.WPF.UI.csproj", "{EE614E59-E644-4224-8959-DF5146C58FD2}"
EndProject
Project("{FAE04EC0-301F-11D3-BF4B-00C04F79EFBC}") = "Toolkit.Mobile.Android", "Toolkit.Mobile\Toolkit.Mobile.Android\Toolkit.Mobile.Android.csproj", "{8C2EBAE5-4D9D-4148-880F-49411D241714}"
EndProject
Project("{FAE04EC0-301F-11D3-BF4B-00C04F79EFBC}") = "Toolkit.Mobile.iOS", "Toolkit.Mobile\Toolkit.Mobile.iOS\Toolkit.Mobile.iOS.csproj", "{5698DF57-BC1C-4182-8664-1DB27C258E96}"
EndProject
Project("{9A19103F-16F7-4668-BE54-9A1E7A4F7556}") = "Toolkit.Mobile", "Toolkit.Mobile\Toolkit.Mobile\Toolkit.Mobile.csproj", "{63CFD6DF-FEC4-4F1A-B379-548A688A36F6}"
EndProject
Project("{FAE04EC0-301F-11D3-BF4B-00C04F79EFBC}") = "Toolkit.Core", "Toolkit.Core\Toolkit.Core.csproj", "{CF248C71-F4D2-493D-993C-765BBB7CA7BA}"
EndProject
Global
	GlobalSection(SolutionConfigurationPlatforms) = preSolution
		Debug|Any CPU = Debug|Any CPU
		Debug|iPhone = Debug|iPhone
		Debug|iPhoneSimulator = Debug|iPhoneSimulator
		Release|Any CPU = Release|Any CPU
		Release|iPhone = Release|iPhone
		Release|iPhoneSimulator = Release|iPhoneSimulator
	EndGlobalSection
	GlobalSection(ProjectConfigurationPlatforms) = postSolution
		{EE614E59-E644-4224-8959-DF5146C58FD2}.Debug|Any CPU.ActiveCfg = Debug|Any CPU
		{EE614E59-E644-4224-8959-DF5146C58FD2}.Debug|Any CPU.Build.0 = Debug|Any CPU
		{EE614E59-E644-4224-8959-DF5146C58FD2}.Debug|iPhone.ActiveCfg = Debug|Any CPU
		{EE614E59-E644-4224-8959-DF5146C58FD2}.Debug|iPhone.Build.0 = Debug|Any CPU
		{EE614E59-E644-4224-8959-DF5146C58FD2}.Debug|iPhoneSimulator.ActiveCfg = Debug|Any CPU
		{EE614E59-E644-4224-8959-DF5146C58FD2}.Debug|iPhoneSimulator.Build.0 = Debug|Any CPU
		{EE614E59-E644-4224-8959-DF5146C58FD2}.Release|Any CPU.ActiveCfg = Release|Any CPU
		{EE614E59-E644-4224-8959-DF5146C58FD2}.Release|Any CPU.Build.0 = Release|Any CPU
		{EE614E59-E644-4224-8959-DF5146C58FD2}.Release|iPhone.ActiveCfg = Release|Any CPU
		{EE614E59-E644-4224-8959-DF5146C58FD2}.Release|iPhone.Build.0 = Release|Any CPU
		{EE614E59-E644-4224-8959-DF5146C58FD2}.Release|iPhoneSimulator.ActiveCfg = Release|Any CPU
		{EE614E59-E644-4224-8959-DF5146C58FD2}.Release|iPhoneSimulator.Build.0 = Release|Any CPU
		{8C2EBAE5-4D9D-4148-880F-49411D241714}.Debug|Any CPU.ActiveCfg = Debug|Any CPU
		{8C2EBAE5-4D9D-4148-880F-49411D241714}.Debug|Any CPU.Build.0 = Debug|Any CPU
		{8C2EBAE5-4D9D-4148-880F-49411D241714}.Debug|Any CPU.Deploy.0 = Debug|Any CPU
		{8C2EBAE5-4D9D-4148-880F-49411D241714}.Debug|iPhone.ActiveCfg = Debug|Any CPU
		{8C2EBAE5-4D9D-4148-880F-49411D241714}.Debug|iPhone.Build.0 = Debug|Any CPU
		{8C2EBAE5-4D9D-4148-880F-49411D241714}.Debug|iPhone.Deploy.0 = Debug|Any CPU
		{8C2EBAE5-4D9D-4148-880F-49411D241714}.Debug|iPhoneSimulator.ActiveCfg = Debug|Any CPU
		{8C2EBAE5-4D9D-4148-880F-49411D241714}.Debug|iPhoneSimulator.Build.0 = Debug|Any CPU
		{8C2EBAE5-4D9D-4148-880F-49411D241714}.Debug|iPhoneSimulator.Deploy.0 = Debug|Any CPU
		{8C2EBAE5-4D9D-4148-880F-49411D241714}.Release|Any CPU.ActiveCfg = Release|Any CPU
		{8C2EBAE5-4D9D-4148-880F-49411D241714}.Release|Any CPU.Build.0 = Release|Any CPU
		{8C2EBAE5-4D9D-4148-880F-49411D241714}.Release|Any CPU.Deploy.0 = Release|Any CPU
		{8C2EBAE5-4D9D-4148-880F-49411D241714}.Release|iPhone.ActiveCfg = Release|Any CPU
		{8C2EBAE5-4D9D-4148-880F-49411D241714}.Release|iPhone.Build.0 = Release|Any CPU
		{8C2EBAE5-4D9D-4148-880F-49411D241714}.Release|iPhone.Deploy.0 = Release|Any CPU
		{8C2EBAE5-4D9D-4148-880F-49411D241714}.Release|iPhoneSimulator.ActiveCfg = Release|Any CPU
		{8C2EBAE5-4D9D-4148-880F-49411D241714}.Release|iPhoneSimulator.Build.0 = Release|Any CPU
		{8C2EBAE5-4D9D-4148-880F-49411D241714}.Release|iPhoneSimulator.Deploy.0 = Release|Any CPU
		{5698DF57-BC1C-4182-8664-1DB27C258E96}.Debug|Any CPU.ActiveCfg = Debug|iPhoneSimulator
		{5698DF57-BC1C-4182-8664-1DB27C258E96}.Debug|iPhone.ActiveCfg = Debug|iPhone
		{5698DF57-BC1C-4182-8664-1DB27C258E96}.Debug|iPhone.Build.0 = Debug|iPhone
		{5698DF57-BC1C-4182-8664-1DB27C258E96}.Debug|iPhoneSimulator.ActiveCfg = Debug|iPhoneSimulator
		{5698DF57-BC1C-4182-8664-1DB27C258E96}.Debug|iPhoneSimulator.Build.0 = Debug|iPhoneSimulator
		{5698DF57-BC1C-4182-8664-1DB27C258E96}.Release|Any CPU.ActiveCfg = Release|iPhoneSimulator
		{5698DF57-BC1C-4182-8664-1DB27C258E96}.Release|iPhone.ActiveCfg = Release|iPhone
		{5698DF57-BC1C-4182-8664-1DB27C258E96}.Release|iPhone.Build.0 = Release|iPhone
		{5698DF57-BC1C-4182-8664-1DB27C258E96}.Release|iPhoneSimulator.ActiveCfg = Release|iPhoneSimulator
		{5698DF57-BC1C-4182-8664-1DB27C258E96}.Release|iPhoneSimulator.Build.0 = Release|iPhoneSimulator
		{63CFD6DF-FEC4-4F1A-B379-548A688A36F6}.Debug|Any CPU.ActiveCfg = Debug|Any CPU
		{63CFD6DF-FEC4-4F1A-B379-548A688A36F6}.Debug|Any CPU.Build.0 = Debug|Any CPU
		{63CFD6DF-FEC4-4F1A-B379-548A688A36F6}.Debug|iPhone.ActiveCfg = Debug|Any CPU
		{63CFD6DF-FEC4-4F1A-B379-548A688A36F6}.Debug|iPhone.Build.0 = Debug|Any CPU
		{63CFD6DF-FEC4-4F1A-B379-548A688A36F6}.Debug|iPhoneSimulator.ActiveCfg = Debug|Any CPU
		{63CFD6DF-FEC4-4F1A-B379-548A688A36F6}.Debug|iPhoneSimulator.Build.0 = Debug|Any CPU
		{63CFD6DF-FEC4-4F1A-B379-548A688A36F6}.Release|Any CPU.ActiveCfg = Release|Any CPU
		{63CFD6DF-FEC4-4F1A-B379-548A688A36F6}.Release|Any CPU.Build.0 = Release|Any CPU
		{63CFD6DF-FEC4-4F1A-B379-548A688A36F6}.Release|iPhone.ActiveCfg = Release|Any CPU
		{63CFD6DF-FEC4-4F1A-B379-548A688A36F6}.Release|iPhone.Build.0 = Release|Any CPU
		{63CFD6DF-FEC4-4F1A-B379-548A688A36F6}.Release|iPhoneSimulator.ActiveCfg = Release|Any CPU
		{63CFD6DF-FEC4-4F1A-B379-548A688A36F6}.Release|iPhoneSimulator.Build.0 = Release|Any CPU
		{CF248C71-F4D2-493D-993C-765BBB7CA7BA}.Debug|Any CPU.ActiveCfg = Debug|Any CPU
		{CF248C71-F4D2-493D-993C-765BBB7CA7BA}.Debug|Any CPU.Build.0 = Debug|Any CPU
		{CF248C71-F4D2-493D-993C-765BBB7CA7BA}.Debug|iPhone.ActiveCfg = Debug|Any CPU
		{CF248C71-F4D2-493D-993C-765BBB7CA7BA}.Debug|iPhone.Build.0 = Debug|Any CPU
		{CF248C71-F4D2-493D-993C-765BBB7CA7BA}.Debug|iPhoneSimulator.ActiveCfg = Debug|Any CPU
		{CF248C71-F4D2-493D-993C-765BBB7CA7BA}.Debug|iPhoneSimulator.Build.0 = Debug|Any CPU
		{CF248C71-F4D2-493D-993C-765BBB7CA7BA}.Release|Any CPU.ActiveCfg = Release|Any CPU
		{CF248C71-F4D2-493D-993C-765BBB7CA7BA}.Release|Any CPU.Build.0 = Release|Any CPU
		{CF248C71-F4D2-493D-993C-765BBB7CA7BA}.Release|iPhone.ActiveCfg = Release|Any CPU
		{CF248C71-F4D2-493D-993C-765BBB7CA7BA}.Release|iPhone.Build.0 = Release|Any CPU
		{CF248C71-F4D2-493D-993C-765BBB7CA7BA}.Release|iPhoneSimulator.ActiveCfg = Release|Any CPU
		{CF248C71-F4D2-493D-993C-765BBB7CA7BA}.Release|iPhoneSimulator.Build.0 = Release|Any CPU
	EndGlobalSection
	GlobalSection(SolutionProperties) = preSolution
		HideSolutionNode = FALSE
	EndGlobalSection
	GlobalSection(ExtensibilityGlobals) = postSolution
		SolutionGuid = {9F3B17B5-E34E-4C46-94C2-94858543BD33}
	EndGlobalSection
EndGlobal
